
Microsoft Visual Studio Solution File, Format Version 12.00
# Visual Studio Version 16
VisualStudioVersion = 16.0.30011.22
MinimumVisualStudioVersion = 10.0.40219.1
Project("{FAE04EC0-301F-11D3-BF4B-00C04F79EFBC}") = "QuestionOne", "QuestionOne\QuestionOne.csproj", "{03AC79AF-A1CE-4D95-A1B8-C2A1B22FFF1E}"
EndProject
Global
	GlobalSection(SolutionConfigurationPlatforms) = preSolution
		Debug|Any CPU = Debug|Any CPU
		Release|Any CPU = Release|Any CPU
	EndGlobalSection
	GlobalSection(ProjectConfigurationPlatforms) = postSolution
		{03AC79AF-A1CE-4D95-A1B8-C2A1B22FFF1E}.Debug|Any CPU.ActiveCfg = Debug|Any CPU
		{03AC79AF-A1CE-4D95-A1B8-C2A1B22FFF1E}.Debug|Any CPU.Build.0 = Debug|Any CPU
		{03AC79AF-A1CE-4D95-A1B8-C2A1B22FFF1E}.Release|Any CPU.ActiveCfg = Release|Any CPU
		{03AC79AF-A1CE-4D95-A1B8-C2A1B22FFF1E}.Release|Any CPU.Build.0 = Release|Any CPU
	EndGlobalSection
	GlobalSection(SolutionProperties) = preSolution
		HideSolutionNode = FALSE
	EndGlobalSection
	GlobalSection(ExtensibilityGlobals) = postSolution
		SolutionGuid = {DE52B726-7384-428C-B39B-BEF2D5912456}
	EndGlobalSection
EndGlobal
