
Microsoft Visual Studio Solution File, Format Version 12.00
# Visual Studio Version 16
VisualStudioVersion = 16.0.30011.22
MinimumVisualStudioVersion = 10.0.40219.1
Project("{FAE04EC0-301F-11D3-BF4B-00C04F79EFBC}") = "QuestionFour", "QuestionFour\QuestionFour.csproj", "{A2F7813C-C4AB-4650-B312-2775EF988333}"
EndProject
Global
	GlobalSection(SolutionConfigurationPlatforms) = preSolution
		Debug|Any CPU = Debug|Any CPU
		Release|Any CPU = Release|Any CPU
	EndGlobalSection
	GlobalSection(ProjectConfigurationPlatforms) = postSolution
		{A2F7813C-C4AB-4650-B312-2775EF988333}.Debug|Any CPU.ActiveCfg = Debug|Any CPU
		{A2F7813C-C4AB-4650-B312-2775EF988333}.Debug|Any CPU.Build.0 = Debug|Any CPU
		{A2F7813C-C4AB-4650-B312-2775EF988333}.Release|Any CPU.ActiveCfg = Release|Any CPU
		{A2F7813C-C4AB-4650-B312-2775EF988333}.Release|Any CPU.Build.0 = Release|Any CPU
	EndGlobalSection
	GlobalSection(SolutionProperties) = preSolution
		HideSolutionNode = FALSE
	EndGlobalSection
	GlobalSection(ExtensibilityGlobals) = postSolution
		SolutionGuid = {7F390A00-A48A-46A1-BA91-B8ED9F0BA64D}
	EndGlobalSection
EndGlobal
